
Microsoft Visual Studio Solution File, Format Version 12.00
# Visual Studio Version 17
VisualStudioVersion = 17.3.32929.385
MinimumVisualStudioVersion = 10.0.40219.1
Project("{FAE04EC0-301F-11D3-BF4B-00C04F79EFBC}") = "Poker", "Poker\Poker.csproj", "{BA8B4D88-15F4-439C-9376-216E81ACAFC8}"
EndProject
Global
	GlobalSection(SolutionConfigurationPlatforms) = preSolution
		Debug|Any CPU = Debug|Any CPU
		Release|Any CPU = Release|Any CPU
	EndGlobalSection
	GlobalSection(ProjectConfigurationPlatforms) = postSolution
		{BA8B4D88-15F4-439C-9376-216E81ACAFC8}.Debug|Any CPU.ActiveCfg = Debug|Any CPU
		{BA8B4D88-15F4-439C-9376-216E81ACAFC8}.Debug|Any CPU.Build.0 = Debug|Any CPU
		{BA8B4D88-15F4-439C-9376-216E81ACAFC8}.Release|Any CPU.ActiveCfg = Release|Any CPU
		{BA8B4D88-15F4-439C-9376-216E81ACAFC8}.Release|Any CPU.Build.0 = Release|Any CPU
	EndGlobalSection
	GlobalSection(SolutionProperties) = preSolution
		HideSolutionNode = FALSE
	EndGlobalSection
	GlobalSection(ExtensibilityGlobals) = postSolution
		SolutionGuid = {D08C03C6-5D80-460C-A7B3-2D9174B097F2}
	EndGlobalSection
EndGlobal
